
Microsoft Visual Studio Solution File, Format Version 12.00
# Visual Studio Version 16
VisualStudioVersion = 16.0.29318.209
MinimumVisualStudioVersion = 10.0.40219.1
Project("{FAE04EC0-301F-11D3-BF4B-00C04F79EFBC}") = "DockerWebTest", "DockerWebTest\DockerWebTest.csproj", "{A95FC8DD-9224-4FBB-8D77-90A63FD8E926}"
EndProject
Global
	GlobalSection(SolutionConfigurationPlatforms) = preSolution
		Debug|Any CPU = Debug|Any CPU
		Release|Any CPU = Release|Any CPU
	EndGlobalSection
	GlobalSection(ProjectConfigurationPlatforms) = postSolution
		{A95FC8DD-9224-4FBB-8D77-90A63FD8E926}.Debug|Any CPU.ActiveCfg = Debug|Any CPU
		{A95FC8DD-9224-4FBB-8D77-90A63FD8E926}.Debug|Any CPU.Build.0 = Debug|Any CPU
		{A95FC8DD-9224-4FBB-8D77-90A63FD8E926}.Release|Any CPU.ActiveCfg = Release|Any CPU
		{A95FC8DD-9224-4FBB-8D77-90A63FD8E926}.Release|Any CPU.Build.0 = Release|Any CPU
	EndGlobalSection
	GlobalSection(SolutionProperties) = preSolution
		HideSolutionNode = FALSE
	EndGlobalSection
	GlobalSection(ExtensibilityGlobals) = postSolution
		SolutionGuid = {CF5B1A79-D11A-43CA-AB2D-E5900BB2F1DF}
	EndGlobalSection
EndGlobal
